PODS:
  - Bow (0.2.0)
  - BowEffects (0.2.0):
    - Bow (~> 0.2.0)

DEPENDENCIES:
  - Bow (~> 0.2.0)
  - BowEffects (~> 0.2.0)

SPEC REPOS:
  https://github.com/cocoapods/specs.git:
    - Bow
    - BowEffects

SPEC CHECKSUMS:
  Bow: 98457e65bfe48ee59d64241098eddd445a91d0ef
  BowEffects: 15e8a824971c310e605b69aab5f781d8fd06093a

PODFILE CHECKSUM: 16d4a7f86644072d3ce8bb7d9927fd12ee9ddf0e

COCOAPODS: 1.6.0.beta.2
