PODS:
  - Bow (0.4.0)
  - BowEffects (0.4.0):
    - Bow (~> 0.4.0)

DEPENDENCIES:
  - Bow (~> 0.4.0)
  - BowEffects (~> 0.4.0)

SPEC REPOS:
  https://github.com/cocoapods/specs.git:
    - Bow
    - BowEffects

SPEC CHECKSUMS:
  Bow: c52be0840aa176b9a45f1f772efa52777bbd8288
  BowEffects: 47f37c306eff490ab771136e0cb148afcc6c542c

PODFILE CHECKSUM: 97348698392b906061dae2bbf9ad5bd1df758eac

COCOAPODS: 1.6.2
